
Microsoft Visual Studio Solution File, Format Version 12.00
# Visual Studio Version 16
VisualStudioVersion = 16.0.29709.97
MinimumVisualStudioVersion = 10.0.40219.1
Project("{9A19103F-16F7-4668-BE54-9A1E7A4F7556}") = "ConfigurationAnalyzer.Domain", "ConfigurationAnalyzer.Domain\ConfigurationAnalyzer.Domain.csproj", "{B8DECCB9-2C84-4CAE-9EB8-17894941441D}"
EndProject
Project("{9A19103F-16F7-4668-BE54-9A1E7A4F7556}") = "ConfigurationAnalyzer.Logic", "ConfigurationAnalyzer.Logic\ConfigurationAnalyzer.Logic.csproj", "{6FBD69FE-8B50-4EAC-A642-A5FBDA2BF243}"
EndProject
Project("{9A19103F-16F7-4668-BE54-9A1E7A4F7556}") = "ConfigurationAnalyzer.DataAccess", "ConfigurationAnalyzer.DataAccess\ConfigurationAnalyzer.DataAccess.csproj", "{5F48B2F0-17B5-4411-A626-60F6FBE274E2}"
EndProject
Project("{9A19103F-16F7-4668-BE54-9A1E7A4F7556}") = "ConfigurationAnalyzer.Api", "ConfigurationAnalyzer\ConfigurationAnalyzer.Api.csproj", "{3A65E401-52DB-457D-A168-5CB6AC75000A}"
EndProject
Global
	GlobalSection(SolutionConfigurationPlatforms) = preSolution
		Debug|Any CPU = Debug|Any CPU
		Release|Any CPU = Release|Any CPU
	EndGlobalSection
	GlobalSection(ProjectConfigurationPlatforms) = postSolution
		{B8DECCB9-2C84-4CAE-9EB8-17894941441D}.Debug|Any CPU.ActiveCfg = Debug|Any CPU
		{B8DECCB9-2C84-4CAE-9EB8-17894941441D}.Debug|Any CPU.Build.0 = Debug|Any CPU
		{B8DECCB9-2C84-4CAE-9EB8-17894941441D}.Release|Any CPU.ActiveCfg = Release|Any CPU
		{B8DECCB9-2C84-4CAE-9EB8-17894941441D}.Release|Any CPU.Build.0 = Release|Any CPU
		{6FBD69FE-8B50-4EAC-A642-A5FBDA2BF243}.Debug|Any CPU.ActiveCfg = Debug|Any CPU
		{6FBD69FE-8B50-4EAC-A642-A5FBDA2BF243}.Debug|Any CPU.Build.0 = Debug|Any CPU
		{6FBD69FE-8B50-4EAC-A642-A5FBDA2BF243}.Release|Any CPU.ActiveCfg = Release|Any CPU
		{6FBD69FE-8B50-4EAC-A642-A5FBDA2BF243}.Release|Any CPU.Build.0 = Release|Any CPU
		{5F48B2F0-17B5-4411-A626-60F6FBE274E2}.Debug|Any CPU.ActiveCfg = Debug|Any CPU
		{5F48B2F0-17B5-4411-A626-60F6FBE274E2}.Debug|Any CPU.Build.0 = Debug|Any CPU
		{5F48B2F0-17B5-4411-A626-60F6FBE274E2}.Release|Any CPU.ActiveCfg = Release|Any CPU
		{5F48B2F0-17B5-4411-A626-60F6FBE274E2}.Release|Any CPU.Build.0 = Release|Any CPU
		{3A65E401-52DB-457D-A168-5CB6AC75000A}.Debug|Any CPU.ActiveCfg = Debug|Any CPU
		{3A65E401-52DB-457D-A168-5CB6AC75000A}.Debug|Any CPU.Build.0 = Debug|Any CPU
		{3A65E401-52DB-457D-A168-5CB6AC75000A}.Release|Any CPU.ActiveCfg = Release|Any CPU
		{3A65E401-52DB-457D-A168-5CB6AC75000A}.Release|Any CPU.Build.0 = Release|Any CPU
	EndGlobalSection
	GlobalSection(SolutionProperties) = preSolution
		HideSolutionNode = FALSE
	EndGlobalSection
	GlobalSection(ExtensibilityGlobals) = postSolution
		SolutionGuid = {598EA64A-192D-40D5-9FDB-3BC1163AB82E}
	EndGlobalSection
EndGlobal
